<?xml version="1.0" encoding="utf-8"?>
<Project ToolsVersion="4.0" xmlns="http://schemas.microsoft.com/developer/msbuild/2003">
  <ItemGroup>
    <Filter Include="헤더 파일">
      <UniqueIdentifier>{93995380-89BD-4b04-88EB-625FBE52EBFB}</UniqueIdentifier>
      <Extensions>h;hh;hpp;hxx;h++;hm;inl;inc;ipp;xsd</Extensions>
    </Filter>
    <Filter Include="0. Interface">
      <UniqueIdentifier>{d92a19fb-041b-46ff-8937-82e0e370abad}</UniqueIdentifier>
    </Filter>
    <Filter Include="1. HyrulePhysics">
      <UniqueIdentifier>{76d2936b-eb43-444d-ad20-c0e4340367c0}</UniqueIdentifier>
    </Filter>
    <Filter Include="Struct">
      <UniqueIdentifier>{b18d9165-96dc-4de9-b2c8-6ea989b34c69}</UniqueIdentifier>
    </Filter>
    <Filter Include="2. OctTree">
      <UniqueIdentifier>{b6aa14e9-d9e1-4bb6-a865-3655c98c5a52}</UniqueIdentifier>
    </Filter>
  </ItemGroup>
  <ItemGroup>
    <ClInclude Include="framework.h">
      <Filter>헤더 파일</Filter>
    </ClInclude>
    <ClInclude Include="IPhysics.h">
      <Filter>0. Interface</Filter>
    </ClInclude>
    <ClInclude Include="HyrulePhysics.h">
      <Filter>1. HyrulePhysics</Filter>
    </ClInclude>
    <ClInclude Include="IRigidBody.h">
      <Filter>0. Interface</Filter>
    </ClInclude>
    <ClInclude Include="ICollider.h">
      <Filter>0. Interface</Filter>
    </ClInclude>
    <ClInclude Include="Collider.h">
      <Filter>Struct</Filter>
    </ClInclude>
    <ClInclude Include="RigidBody.h">
      <Filter>Struct</Filter>
    </ClInclude>
    <ClInclude Include="Manifold.h">
      <Filter>Struct</Filter>
    </ClInclude>
    <ClInclude Include="OctTree.h">
      <Filter>2. OctTree</Filter>
    </ClInclude>
    <ClInclude Include="TreeNode.h">
      <Filter>2. OctTree</Filter>
    </ClInclude>
    <ClInclude Include="IPFactory.h">
      <Filter>0. Interface</Filter>
    </ClInclude>
    <ClInclude Include="Transform.h">
      <Filter>Struct</Filter>
    </ClInclude>
  </ItemGroup>
  <ItemGroup>
    <ClCompile Include="HyrulePhysics.cpp">
      <Filter>1. HyrulePhysics</Filter>
    </ClCompile>
    <ClCompile Include="Collider.cpp">
      <Filter>Struct</Filter>
    </ClCompile>
    <ClCompile Include="RigidBody.cpp">
      <Filter>Struct</Filter>
    </ClCompile>
    <ClCompile Include="Manifold.cpp">
      <Filter>Struct</Filter>
    </ClCompile>
    <ClCompile Include="OctTree.cpp">
      <Filter>2. OctTree</Filter>
    </ClCompile>
    <ClCompile Include="TreeNode.cpp">
      <Filter>2. OctTree</Filter>
    </ClCompile>
    <ClCompile Include="Transform.cpp">
      <Filter>Struct</Filter>
    </ClCompile>
  </ItemGroup>
</Project>