<?xml version="1.0" encoding="utf-8"?>
<Project ToolsVersion="4.0" xmlns="http://schemas.microsoft.com/developer/msbuild/2003">
  <ItemGroup>
    <Filter Include="Object">
      <UniqueIdentifier>{5c565fc7-6928-4c9a-8937-ce61504fae2c}</UniqueIdentifier>
    </Filter>
    <Filter Include="Object\Picking">
      <UniqueIdentifier>{1ee0ed29-6265-4432-af2f-9e11a5acea55}</UniqueIdentifier>
    </Filter>
    <Filter Include="03. Object">
      <UniqueIdentifier>{89517313-c650-453a-b56f-2cff7b85a7bb}</UniqueIdentifier>
    </Filter>
    <Filter Include="01. System">
      <UniqueIdentifier>{5b90fb56-149a-4563-82f9-4e1b558e187b}</UniqueIdentifier>
    </Filter>
    <Filter Include="01. System\98. Serialize">
      <UniqueIdentifier>{e92ba8d0-0422-46e5-bc60-fc5a28c3d826}</UniqueIdentifier>
    </Filter>
    <Filter Include="01. System\99. Deserialize">
      <UniqueIdentifier>{c20abea2-78a7-4f3e-b633-36bf0ab167dc}</UniqueIdentifier>
    </Filter>
    <Filter Include="00. HyruleEngine">
      <UniqueIdentifier>{4fb8b48d-9e7c-4383-81df-75237c8ae158}</UniqueIdentifier>
    </Filter>
    <Filter Include="04. Resource">
      <UniqueIdentifier>{8a259e07-4103-4c86-a7ed-f2c85a97330d}</UniqueIdentifier>
    </Filter>
    <Filter Include="04. Resource\Texture">
      <UniqueIdentifier>{5ef73a00-72d4-4981-aab1-ac5b1eae09fe}</UniqueIdentifier>
    </Filter>
    <Filter Include="04. Resource\Mesh">
      <UniqueIdentifier>{9ea27d11-f3a5-4c50-a16d-9773c8876f64}</UniqueIdentifier>
    </Filter>
    <Filter Include="05. Struct">
      <UniqueIdentifier>{84c12626-4f1f-40c5-8874-7514b156bdaf}</UniqueIdentifier>
    </Filter>
    <Filter Include="05. Struct\Vertex">
      <UniqueIdentifier>{d8593aa2-44b2-4635-977c-bd1cf33cc9ff}</UniqueIdentifier>
    </Filter>
    <Filter Include="05. Struct\Face">
      <UniqueIdentifier>{4d236fbe-4ccb-4041-8311-8ff51d155c9b}</UniqueIdentifier>
    </Filter>
    <Filter Include="02. Manager">
      <UniqueIdentifier>{f983b9c5-757f-4c88-ab2e-a0f873f97b72}</UniqueIdentifier>
    </Filter>
    <Filter Include="99. Scene">
      <UniqueIdentifier>{6a013cd1-6a6e-44bc-a592-e89edcec45fd}</UniqueIdentifier>
    </Filter>
    <Filter Include="01. System\a. Base">
      <UniqueIdentifier>{9ebc9bcf-aff8-485a-8388-373d73c1e4ac}</UniqueIdentifier>
    </Filter>
    <Filter Include="01. System\b. Core">
      <UniqueIdentifier>{0be2a4b3-423d-408a-826d-9e6f1082305c}</UniqueIdentifier>
    </Filter>
    <Filter Include="01. System\c. Physics">
      <UniqueIdentifier>{c96acb20-43cf-4dd8-a102-dccdedb9b099}</UniqueIdentifier>
    </Filter>
    <Filter Include="01. System\d. Renderer">
      <UniqueIdentifier>{2c25625a-5b09-4280-aca6-c87fd9ba991f}</UniqueIdentifier>
    </Filter>
    <Filter Include="01. System\e. Input">
      <UniqueIdentifier>{dc0b5cdc-a831-4734-9f21-7cdfb61c2419}</UniqueIdentifier>
    </Filter>
    <Filter Include="01. System\f. Time">
      <UniqueIdentifier>{c3c64db2-0ff2-4ea6-8ad1-e8b3d50f48ec}</UniqueIdentifier>
    </Filter>
    <Filter Include="03. Object\a. Base">
      <UniqueIdentifier>{491e232f-239d-4577-810a-d216ce8c41c3}</UniqueIdentifier>
    </Filter>
    <Filter Include="03. Object\b. Entity">
      <UniqueIdentifier>{bdd00acb-3a41-4abc-9a43-641f4631cd0c}</UniqueIdentifier>
    </Filter>
    <Filter Include="03. Object\c. Component">
      <UniqueIdentifier>{76dff819-fa17-4b19-8808-8228952409ed}</UniqueIdentifier>
    </Filter>
    <Filter Include="03. Object\c. Component\3a. Physics">
      <UniqueIdentifier>{0c7af66b-0122-4ea5-b457-6e7c65adba42}</UniqueIdentifier>
    </Filter>
    <Filter Include="03. Object\c. Component\3a. Physics\Collider">
      <UniqueIdentifier>{5cb0cff2-c5f7-4efd-8426-4483b17d7d0c}</UniqueIdentifier>
    </Filter>
    <Filter Include="03. Object\c. Component\3a. Physics\Collider\Base">
      <UniqueIdentifier>{5c4015ef-eff4-46e2-8813-8be3a1107df6}</UniqueIdentifier>
    </Filter>
    <Filter Include="03. Object\c. Component\3a. Physics\RigidBody">
      <UniqueIdentifier>{86830280-c5ef-4e7a-aecb-af739a471596}</UniqueIdentifier>
    </Filter>
    <Filter Include="03. Object\c. Component\3a. Physics\Joint">
      <UniqueIdentifier>{3c6e956d-9469-4b19-b4c2-5d39a0a4fb51}</UniqueIdentifier>
    </Filter>
    <Filter Include="03. Object\c. Component\3b. Renderer">
      <UniqueIdentifier>{cbe8f34f-2b53-44c3-aed2-c7276c1d6eec}</UniqueIdentifier>
    </Filter>
    <Filter Include="03. Object\c. Component\3b. Renderer\Camera">
      <UniqueIdentifier>{e770efba-6470-4e5f-af05-3f1f58c7487b}</UniqueIdentifier>
    </Filter>
    <Filter Include="03. Object\c. Component\3b. Renderer\Renderer">
      <UniqueIdentifier>{8c115b1e-6623-4e95-8df6-060610943628}</UniqueIdentifier>
    </Filter>
    <Filter Include="03. Object\c. Component\3b. Renderer\Renderer\Base">
      <UniqueIdentifier>{9d2e1b7a-c1e7-4ced-9977-bf02eedbcd63}</UniqueIdentifier>
    </Filter>
    <Filter Include="03. Object\c. Component\3b. Renderer\UI">
      <UniqueIdentifier>{7293922b-67a9-4cde-bd49-4861844ed490}</UniqueIdentifier>
    </Filter>
    <Filter Include="03. Object\c. Component\3c. Base">
      <UniqueIdentifier>{5b35eec0-d126-401d-9454-44c0d89fcb8d}</UniqueIdentifier>
    </Filter>
    <Filter Include="03. Object\c. Component\3z. Behaviour">
      <UniqueIdentifier>{ad48acdb-67f2-40a6-969c-7fdbe17dd471}</UniqueIdentifier>
    </Filter>
    <Filter Include="01. System\Factory">
      <UniqueIdentifier>{b904d456-43dc-40ff-8714-42cebaf53a30}</UniqueIdentifier>
    </Filter>
  </ItemGroup>
  <ItemGroup>
    <ClInclude Include="HyruleEngine.h">
      <Filter>00. HyruleEngine</Filter>
    </ClInclude>
    <ClInclude Include="Mesh.h">
      <Filter>04. Resource\Mesh</Filter>
    </ClInclude>
    <ClInclude Include="Texture.h">
      <Filter>04. Resource\Texture</Filter>
    </ClInclude>
    <ClInclude Include="Vertex.h">
      <Filter>05. Struct\Vertex</Filter>
    </ClInclude>
    <ClInclude Include="Scene.h">
      <Filter>99. Scene</Filter>
    </ClInclude>
    <ClInclude Include="SceneManager.h">
      <Filter>99. Scene</Filter>
    </ClInclude>
    <ClInclude Include="HBoxCollider.h">
      <Filter>03. Object\c. Component\3a. Physics\Collider</Filter>
    </ClInclude>
    <ClInclude Include="HSphereCollider.h">
      <Filter>03. Object\c. Component\3a. Physics\Collider</Filter>
    </ClInclude>
    <ClInclude Include="HMeshCollider.h">
      <Filter>03. Object\c. Component\3a. Physics\Collider</Filter>
    </ClInclude>
    <ClInclude Include="IScene.h">
      <Filter>99. Scene</Filter>
    </ClInclude>
    <ClInclude Include="HRigidBody.h">
      <Filter>03. Object\c. Component\3a. Physics\RigidBody</Filter>
    </ClInclude>
    <ClInclude Include="HCamera.h">
      <Filter>03. Object\c. Component\3b. Renderer\Camera</Filter>
    </ClInclude>
    <ClInclude Include="CubeRenderer.h">
      <Filter>03. Object\c. Component\3b. Renderer\Renderer</Filter>
    </ClInclude>
    <ClInclude Include="MeshRenderer.h">
      <Filter>03. Object\c. Component\3b. Renderer\Renderer</Filter>
    </ClInclude>
    <ClInclude Include="SphereRenderer.h">
      <Filter>03. Object\c. Component\3b. Renderer\Renderer</Filter>
    </ClInclude>
    <ClInclude Include="Raycast.h">
      <Filter>03. Object\c. Component\3a. Physics</Filter>
    </ClInclude>
    <ClInclude Include="Picking.h">
      <Filter>Object\Picking</Filter>
    </ClInclude>
    <ClInclude Include="HSpringJoint.h">
      <Filter>03. Object\c. Component\3a. Physics\Joint</Filter>
    </ClInclude>
    <ClInclude Include="HObject.h">
      <Filter>03. Object\a. Base</Filter>
    </ClInclude>
    <ClInclude Include="HCollider.h">
      <Filter>03. Object\c. Component\3a. Physics\Collider\Base</Filter>
    </ClInclude>
    <ClInclude Include="HCapsuleCollider.h">
      <Filter>03. Object\c. Component\3a. Physics\Collider</Filter>
    </ClInclude>
    <ClInclude Include="UI.h">
      <Filter>03. Object\c. Component\3b. Renderer\UI</Filter>
    </ClInclude>
    <ClInclude Include="InputSystem.h">
      <Filter>01. System\e. Input</Filter>
    </ClInclude>
    <ClInclude Include="CoreSystem.h">
      <Filter>01. System\b. Core</Filter>
    </ClInclude>
    <ClInclude Include="PhysicsSystem.h">
      <Filter>01. System\c. Physics</Filter>
    </ClInclude>
    <ClInclude Include="Singleton.h">
      <Filter>01. System\a. Base</Filter>
    </ClInclude>
    <ClInclude Include="RendererSystem.h">
      <Filter>01. System\d. Renderer</Filter>
    </ClInclude>
    <ClInclude Include="TimeSystem.h">
      <Filter>01. System\f. Time</Filter>
    </ClInclude>
    <ClInclude Include="Renderer.h">
      <Filter>03. Object\c. Component\3b. Renderer\Renderer\Base</Filter>
    </ClInclude>
    <ClInclude Include="Serializable.h">
      <Filter>01. System\98. Serialize</Filter>
    </ClInclude>
    <ClInclude Include="GamePadManager.h">
      <Filter>01. System\e. Input</Filter>
    </ClInclude>
    <ClInclude Include="framework.h" />
    <ClInclude Include="HEntity.h">
      <Filter>03. Object\b. Entity</Filter>
    </ClInclude>
    <ClInclude Include="HComponent.h">
      <Filter>03. Object\c. Component\3c. Base</Filter>
    </ClInclude>
    <ClInclude Include="HTransform.h">
      <Filter>03. Object\c. Component\3c. Base</Filter>
    </ClInclude>
    <ClInclude Include="Behaviour.h">
      <Filter>03. Object\c. Component\3z. Behaviour</Filter>
    </ClInclude>
    <ClInclude Include="MonoBehaviour.h">
      <Filter>03. Object\c. Component\3z. Behaviour</Filter>
    </ClInclude>
    <ClInclude Include="ComponentManager.h">
      <Filter>02. Manager</Filter>
    </ClInclude>
    <ClInclude Include="HEntityManager.h">
      <Filter>02. Manager</Filter>
    </ClInclude>
    <ClInclude Include="ResourceManager.h">
      <Filter>02. Manager</Filter>
    </ClInclude>
    <ClInclude Include="BehaviourTree.h">
      <Filter>03. Object\c. Component\3z. Behaviour</Filter>
    </ClInclude>
    <ClInclude Include="InstanceID.h">
      <Filter>03. Object\a. Base</Filter>
    </ClInclude>
    <ClInclude Include="ComponentFactory.h">
      <Filter>01. System\Factory</Filter>
    </ClInclude>
  </ItemGroup>
  <ItemGroup>
    <ClCompile Include="HyruleEngine.cpp">
      <Filter>00. HyruleEngine</Filter>
    </ClCompile>
    <ClCompile Include="Mesh.cpp">
      <Filter>04. Resource\Mesh</Filter>
    </ClCompile>
    <ClCompile Include="Texture.cpp">
      <Filter>04. Resource\Texture</Filter>
    </ClCompile>
    <ClCompile Include="Vertex.cpp">
      <Filter>05. Struct\Vertex</Filter>
    </ClCompile>
    <ClCompile Include="Scene.cpp">
      <Filter>99. Scene</Filter>
    </ClCompile>
    <ClCompile Include="SceneManager.cpp">
      <Filter>99. Scene</Filter>
    </ClCompile>
    <ClCompile Include="HBoxCollider.cpp">
      <Filter>03. Object\c. Component\3a. Physics\Collider</Filter>
    </ClCompile>
    <ClCompile Include="HSphereCollider.cpp">
      <Filter>03. Object\c. Component\3a. Physics\Collider</Filter>
    </ClCompile>
    <ClCompile Include="HMeshCollider.cpp">
      <Filter>03. Object\c. Component\3a. Physics\Collider</Filter>
    </ClCompile>
    <ClCompile Include="HRigidBody.cpp">
      <Filter>03. Object\c. Component\3a. Physics\RigidBody</Filter>
    </ClCompile>
    <ClCompile Include="HCamera.cpp">
      <Filter>03. Object\c. Component\3b. Renderer\Camera</Filter>
    </ClCompile>
    <ClCompile Include="CubeRenderer.cpp">
      <Filter>03. Object\c. Component\3b. Renderer\Renderer</Filter>
    </ClCompile>
    <ClCompile Include="MeshRenderer.cpp">
      <Filter>03. Object\c. Component\3b. Renderer\Renderer</Filter>
    </ClCompile>
    <ClCompile Include="SphereRenderer.cpp">
      <Filter>03. Object\c. Component\3b. Renderer\Renderer</Filter>
    </ClCompile>
    <ClCompile Include="Raycast.cpp">
      <Filter>03. Object\c. Component\3a. Physics</Filter>
    </ClCompile>
    <ClCompile Include="Picking.cpp">
      <Filter>Object\Picking</Filter>
    </ClCompile>
    <ClCompile Include="HSpringJoint.cpp">
      <Filter>03. Object\c. Component\3a. Physics\Joint</Filter>
    </ClCompile>
    <ClCompile Include="HObject.cpp">
      <Filter>03. Object\a. Base</Filter>
    </ClCompile>
    <ClCompile Include="HCollider.cpp">
      <Filter>03. Object\c. Component\3a. Physics\Collider\Base</Filter>
    </ClCompile>
    <ClCompile Include="HCapsuleCollider.cpp">
      <Filter>03. Object\c. Component\3a. Physics\Collider</Filter>
    </ClCompile>
    <ClCompile Include="UI.cpp">
      <Filter>03. Object\c. Component\3b. Renderer\UI</Filter>
    </ClCompile>
    <ClCompile Include="InputSystem.cpp">
      <Filter>01. System\e. Input</Filter>
    </ClCompile>
    <ClCompile Include="CoreSystem.cpp">
      <Filter>01. System\b. Core</Filter>
    </ClCompile>
    <ClCompile Include="PhysicsSystem.cpp">
      <Filter>01. System\c. Physics</Filter>
    </ClCompile>
    <ClCompile Include="Singleton.cpp">
      <Filter>01. System\a. Base</Filter>
    </ClCompile>
    <ClCompile Include="RendererSystem.cpp">
      <Filter>01. System\d. Renderer</Filter>
    </ClCompile>
    <ClCompile Include="TimeSystem.cpp">
      <Filter>01. System\f. Time</Filter>
    </ClCompile>
    <ClCompile Include="Renderer.cpp">
      <Filter>03. Object\c. Component\3b. Renderer\Renderer\Base</Filter>
    </ClCompile>
    <ClCompile Include="GamePadManager.cpp">
      <Filter>01. System\e. Input</Filter>
    </ClCompile>
    <ClCompile Include="HEntity.cpp">
      <Filter>03. Object\b. Entity</Filter>
    </ClCompile>
    <ClCompile Include="HComponent.cpp">
      <Filter>03. Object\c. Component\3c. Base</Filter>
    </ClCompile>
    <ClCompile Include="HTransform.cpp">
      <Filter>03. Object\c. Component\3c. Base</Filter>
    </ClCompile>
    <ClCompile Include="MonoBehaviour.cpp">
      <Filter>03. Object\c. Component\3z. Behaviour</Filter>
    </ClCompile>
    <ClCompile Include="Behaviour.cpp">
      <Filter>03. Object\c. Component\3z. Behaviour</Filter>
    </ClCompile>
    <ClCompile Include="ComponentManager.cpp">
      <Filter>02. Manager</Filter>
    </ClCompile>
    <ClCompile Include="HEntityManager.cpp">
      <Filter>02. Manager</Filter>
    </ClCompile>
    <ClCompile Include="ResourceManager.cpp">
      <Filter>02. Manager</Filter>
    </ClCompile>
  </ItemGroup>
  <ItemGroup>
    <None Include="ClassDiagram.cd" />
  </ItemGroup>
</Project>